PODS:
  - Expecta (1.0.0)
  - google-plus-ios-sdk (1.7.1)
  - LRGooglePlusClient (1.2.0):
    - google-plus-ios-sdk
  - Specta (0.2.1)

DEPENDENCIES:
  - Expecta
  - LRGooglePlusClient (from `../`)
  - Specta (~> 0.2.1)

EXTERNAL SOURCES:
  LRGooglePlusClient:
    :path: "../"

SPEC CHECKSUMS:
  Expecta: 32604574add2c46a36f8d2f716b6c5736eb75024
  google-plus-ios-sdk: 47adbe03ea904bdb7aa1c0eca282a23c4686e1bc
  LRGooglePlusClient: 39b727e00e186996206aab60207f012ee882a05b
  Specta: 15a276a6343867b426d5ed135d5aa4d04123a573

COCOAPODS: 0.38.0
